
Microsoft Visual Studio Solution File, Format Version 12.00
# Visual Studio Version 16
VisualStudioVersion = 16.0.29025.244
MinimumVisualStudioVersion = 10.0.40219.1
Project("{FAE04EC0-301F-11D3-BF4B-00C04F79EFBC}") = "Clases_Datos", "Clases_Datos\Clases_Datos.csproj", "{0C56C76E-E914-4BCE-A47B-A7E0B63E702C}"
EndProject
Project("{FAE04EC0-301F-11D3-BF4B-00C04F79EFBC}") = "Pantallas", "Pantallas\Pantallas.csproj", "{563650F5-F989-4B3F-8C36-D964AA06663D}"
EndProject
Project("{FAE04EC0-301F-11D3-BF4B-00C04F79EFBC}") = "Estacionamiento", "Estacionamiento\Estacionamiento.csproj", "{A8AABA2F-FD9D-47B6-8064-B5AD27199852}"
EndProject
Global
	GlobalSection(SolutionConfigurationPlatforms) = preSolution
		Debug|Any CPU = Debug|Any CPU
		Debug|ARM = Debug|ARM
		Debug|ARM64 = Debug|ARM64
		Debug|x64 = Debug|x64
		Debug|x86 = Debug|x86
		Release|Any CPU = Release|Any CPU
		Release|ARM = Release|ARM
		Release|ARM64 = Release|ARM64
		Release|x64 = Release|x64
		Release|x86 = Release|x86
	EndGlobalSection
	GlobalSection(ProjectConfigurationPlatforms) = postSolution
		{0C56C76E-E914-4BCE-A47B-A7E0B63E702C}.Debug|Any CPU.ActiveCfg = Debug|Any CPU
		{0C56C76E-E914-4BCE-A47B-A7E0B63E702C}.Debug|Any CPU.Build.0 = Debug|Any CPU
		{0C56C76E-E914-4BCE-A47B-A7E0B63E702C}.Debug|ARM.ActiveCfg = Debug|Any CPU
		{0C56C76E-E914-4BCE-A47B-A7E0B63E702C}.Debug|ARM.Build.0 = Debug|Any CPU
		{0C56C76E-E914-4BCE-A47B-A7E0B63E702C}.Debug|ARM64.ActiveCfg = Debug|Any CPU
		{0C56C76E-E914-4BCE-A47B-A7E0B63E702C}.Debug|ARM64.Build.0 = Debug|Any CPU
		{0C56C76E-E914-4BCE-A47B-A7E0B63E702C}.Debug|x64.ActiveCfg = Debug|Any CPU
		{0C56C76E-E914-4BCE-A47B-A7E0B63E702C}.Debug|x64.Build.0 = Debug|Any CPU
		{0C56C76E-E914-4BCE-A47B-A7E0B63E702C}.Debug|x86.ActiveCfg = Debug|Any CPU
		{0C56C76E-E914-4BCE-A47B-A7E0B63E702C}.Debug|x86.Build.0 = Debug|Any CPU
		{0C56C76E-E914-4BCE-A47B-A7E0B63E702C}.Release|Any CPU.ActiveCfg = Release|Any CPU
		{0C56C76E-E914-4BCE-A47B-A7E0B63E702C}.Release|Any CPU.Build.0 = Release|Any CPU
		{0C56C76E-E914-4BCE-A47B-A7E0B63E702C}.Release|ARM.ActiveCfg = Release|Any CPU
		{0C56C76E-E914-4BCE-A47B-A7E0B63E702C}.Release|ARM.Build.0 = Release|Any CPU
		{0C56C76E-E914-4BCE-A47B-A7E0B63E702C}.Release|ARM64.ActiveCfg = Release|Any CPU
		{0C56C76E-E914-4BCE-A47B-A7E0B63E702C}.Release|ARM64.Build.0 = Release|Any CPU
		{0C56C76E-E914-4BCE-A47B-A7E0B63E702C}.Release|x64.ActiveCfg = Release|Any CPU
		{0C56C76E-E914-4BCE-A47B-A7E0B63E702C}.Release|x64.Build.0 = Release|Any CPU
		{0C56C76E-E914-4BCE-A47B-A7E0B63E702C}.Release|x86.ActiveCfg = Release|Any CPU
		{0C56C76E-E914-4BCE-A47B-A7E0B63E702C}.Release|x86.Build.0 = Release|Any CPU
		{563650F5-F989-4B3F-8C36-D964AA06663D}.Debug|Any CPU.ActiveCfg = Debug|Any CPU
		{563650F5-F989-4B3F-8C36-D964AA06663D}.Debug|Any CPU.Build.0 = Debug|Any CPU
		{563650F5-F989-4B3F-8C36-D964AA06663D}.Debug|ARM.ActiveCfg = Debug|Any CPU
		{563650F5-F989-4B3F-8C36-D964AA06663D}.Debug|ARM.Build.0 = Debug|Any CPU
		{563650F5-F989-4B3F-8C36-D964AA06663D}.Debug|ARM64.ActiveCfg = Debug|Any CPU
		{563650F5-F989-4B3F-8C36-D964AA06663D}.Debug|ARM64.Build.0 = Debug|Any CPU
		{563650F5-F989-4B3F-8C36-D964AA06663D}.Debug|x64.ActiveCfg = Debug|Any CPU
		{563650F5-F989-4B3F-8C36-D964AA06663D}.Debug|x64.Build.0 = Debug|Any CPU
		{563650F5-F989-4B3F-8C36-D964AA06663D}.Debug|x86.ActiveCfg = Debug|Any CPU
		{563650F5-F989-4B3F-8C36-D964AA06663D}.Debug|x86.Build.0 = Debug|Any CPU
		{563650F5-F989-4B3F-8C36-D964AA06663D}.Release|Any CPU.ActiveCfg = Release|Any CPU
		{563650F5-F989-4B3F-8C36-D964AA06663D}.Release|Any CPU.Build.0 = Release|Any CPU
		{563650F5-F989-4B3F-8C36-D964AA06663D}.Release|ARM.ActiveCfg = Release|Any CPU
		{563650F5-F989-4B3F-8C36-D964AA06663D}.Release|ARM.Build.0 = Release|Any CPU
		{563650F5-F989-4B3F-8C36-D964AA06663D}.Release|ARM64.ActiveCfg = Release|Any CPU
		{563650F5-F989-4B3F-8C36-D964AA06663D}.Release|ARM64.Build.0 = Release|Any CPU
		{563650F5-F989-4B3F-8C36-D964AA06663D}.Release|x64.ActiveCfg = Release|Any CPU
		{563650F5-F989-4B3F-8C36-D964AA06663D}.Release|x64.Build.0 = Release|Any CPU
		{563650F5-F989-4B3F-8C36-D964AA06663D}.Release|x86.ActiveCfg = Release|Any CPU
		{563650F5-F989-4B3F-8C36-D964AA06663D}.Release|x86.Build.0 = Release|Any CPU
		{A8AABA2F-FD9D-47B6-8064-B5AD27199852}.Debug|Any CPU.ActiveCfg = Debug|Any CPU
		{A8AABA2F-FD9D-47B6-8064-B5AD27199852}.Debug|Any CPU.Build.0 = Debug|Any CPU
		{A8AABA2F-FD9D-47B6-8064-B5AD27199852}.Debug|ARM.ActiveCfg = Debug|Any CPU
		{A8AABA2F-FD9D-47B6-8064-B5AD27199852}.Debug|ARM.Build.0 = Debug|Any CPU
		{A8AABA2F-FD9D-47B6-8064-B5AD27199852}.Debug|ARM64.ActiveCfg = Debug|Any CPU
		{A8AABA2F-FD9D-47B6-8064-B5AD27199852}.Debug|ARM64.Build.0 = Debug|Any CPU
		{A8AABA2F-FD9D-47B6-8064-B5AD27199852}.Debug|x64.ActiveCfg = Debug|Any CPU
		{A8AABA2F-FD9D-47B6-8064-B5AD27199852}.Debug|x64.Build.0 = Debug|Any CPU
		{A8AABA2F-FD9D-47B6-8064-B5AD27199852}.Debug|x86.ActiveCfg = Debug|Any CPU
		{A8AABA2F-FD9D-47B6-8064-B5AD27199852}.Debug|x86.Build.0 = Debug|Any CPU
		{A8AABA2F-FD9D-47B6-8064-B5AD27199852}.Release|Any CPU.ActiveCfg = Release|Any CPU
		{A8AABA2F-FD9D-47B6-8064-B5AD27199852}.Release|Any CPU.Build.0 = Release|Any CPU
		{A8AABA2F-FD9D-47B6-8064-B5AD27199852}.Release|ARM.ActiveCfg = Release|Any CPU
		{A8AABA2F-FD9D-47B6-8064-B5AD27199852}.Release|ARM.Build.0 = Release|Any CPU
		{A8AABA2F-FD9D-47B6-8064-B5AD27199852}.Release|ARM64.ActiveCfg = Release|Any CPU
		{A8AABA2F-FD9D-47B6-8064-B5AD27199852}.Release|ARM64.Build.0 = Release|Any CPU
		{A8AABA2F-FD9D-47B6-8064-B5AD27199852}.Release|x64.ActiveCfg = Release|Any CPU
		{A8AABA2F-FD9D-47B6-8064-B5AD27199852}.Release|x64.Build.0 = Release|Any CPU
		{A8AABA2F-FD9D-47B6-8064-B5AD27199852}.Release|x86.ActiveCfg = Release|Any CPU
		{A8AABA2F-FD9D-47B6-8064-B5AD27199852}.Release|x86.Build.0 = Release|Any CPU
	EndGlobalSection
	GlobalSection(SolutionProperties) = preSolution
		HideSolutionNode = FALSE
	EndGlobalSection
	GlobalSection(ExtensibilityGlobals) = postSolution
		SolutionGuid = {F1B68C40-13E7-4F66-8D05-BFD89A3863EE}
	EndGlobalSection
EndGlobal
